
Microsoft Visual Studio Solution File, Format Version 12.00
# Visual Studio 15
VisualStudioVersion = 15.0.28307.539
MinimumVisualStudioVersion = 10.0.40219.1
Project("{8BC9CEB8-8B4A-11D0-8D11-00A0C91BC942}") = "Constexpr", "Advance_Lesson_4\Advance_Lesson_4.vcxproj", "{B6717F4A-29F8-4F39-85BD-D3C2134F6617}"
EndProject
Project("{8BC9CEB8-8B4A-11D0-8D11-00A0C91BC942}") = "Templates", "Templates\Templates.vcxproj", "{68B8D503-58CE-48C4-BA66-75B574322A6D}"
EndProject
Project("{8BC9CEB8-8B4A-11D0-8D11-00A0C91BC942}") = "SeparateCompilationWithTemplates", "SeparateCompilationWithTemplates\SeparateCompilationWithTemplates.vcxproj", "{F7BAB0BA-A5B1-4BA8-AC0C-116127181655}"
EndProject
Project("{8BC9CEB8-8B4A-11D0-8D11-00A0C91BC942}") = "UniversalRef_in_TemplateClass", "UniversalRef_in_TemplateClass\UniversalRef_in_TemplateClass.vcxproj", "{09119030-7E88-4B17-9DC3-2504E82A89AF}"
EndProject
Project("{8BC9CEB8-8B4A-11D0-8D11-00A0C91BC942}") = "std_forward", "std_forward\std_forward.vcxproj", "{A0A0BC3A-D082-4653-8E6B-B7DD36596D74}"
EndProject
Global
	GlobalSection(SolutionConfigurationPlatforms) = preSolution
		Debug|x64 = Debug|x64
		Debug|x86 = Debug|x86
		Release|x64 = Release|x64
		Release|x86 = Release|x86
	EndGlobalSection
	GlobalSection(ProjectConfigurationPlatforms) = postSolution
		{B6717F4A-29F8-4F39-85BD-D3C2134F6617}.Debug|x64.ActiveCfg = Debug|x64
		{B6717F4A-29F8-4F39-85BD-D3C2134F6617}.Debug|x64.Build.0 = Debug|x64
		{B6717F4A-29F8-4F39-85BD-D3C2134F6617}.Debug|x86.ActiveCfg = Debug|Win32
		{B6717F4A-29F8-4F39-85BD-D3C2134F6617}.Debug|x86.Build.0 = Debug|Win32
		{B6717F4A-29F8-4F39-85BD-D3C2134F6617}.Release|x64.ActiveCfg = Release|x64
		{B6717F4A-29F8-4F39-85BD-D3C2134F6617}.Release|x64.Build.0 = Release|x64
		{B6717F4A-29F8-4F39-85BD-D3C2134F6617}.Release|x86.ActiveCfg = Release|Win32
		{B6717F4A-29F8-4F39-85BD-D3C2134F6617}.Release|x86.Build.0 = Release|Win32
		{68B8D503-58CE-48C4-BA66-75B574322A6D}.Debug|x64.ActiveCfg = Debug|x64
		{68B8D503-58CE-48C4-BA66-75B574322A6D}.Debug|x64.Build.0 = Debug|x64
		{68B8D503-58CE-48C4-BA66-75B574322A6D}.Debug|x86.ActiveCfg = Debug|Win32
		{68B8D503-58CE-48C4-BA66-75B574322A6D}.Debug|x86.Build.0 = Debug|Win32
		{68B8D503-58CE-48C4-BA66-75B574322A6D}.Release|x64.ActiveCfg = Release|x64
		{68B8D503-58CE-48C4-BA66-75B574322A6D}.Release|x64.Build.0 = Release|x64
		{68B8D503-58CE-48C4-BA66-75B574322A6D}.Release|x86.ActiveCfg = Release|Win32
		{68B8D503-58CE-48C4-BA66-75B574322A6D}.Release|x86.Build.0 = Release|Win32
		{F7BAB0BA-A5B1-4BA8-AC0C-116127181655}.Debug|x64.ActiveCfg = Debug|x64
		{F7BAB0BA-A5B1-4BA8-AC0C-116127181655}.Debug|x64.Build.0 = Debug|x64
		{F7BAB0BA-A5B1-4BA8-AC0C-116127181655}.Debug|x86.ActiveCfg = Debug|Win32
		{F7BAB0BA-A5B1-4BA8-AC0C-116127181655}.Debug|x86.Build.0 = Debug|Win32
		{F7BAB0BA-A5B1-4BA8-AC0C-116127181655}.Release|x64.ActiveCfg = Release|x64
		{F7BAB0BA-A5B1-4BA8-AC0C-116127181655}.Release|x64.Build.0 = Release|x64
		{F7BAB0BA-A5B1-4BA8-AC0C-116127181655}.Release|x86.ActiveCfg = Release|Win32
		{F7BAB0BA-A5B1-4BA8-AC0C-116127181655}.Release|x86.Build.0 = Release|Win32
		{09119030-7E88-4B17-9DC3-2504E82A89AF}.Debug|x64.ActiveCfg = Debug|x64
		{09119030-7E88-4B17-9DC3-2504E82A89AF}.Debug|x64.Build.0 = Debug|x64
		{09119030-7E88-4B17-9DC3-2504E82A89AF}.Debug|x86.ActiveCfg = Debug|Win32
		{09119030-7E88-4B17-9DC3-2504E82A89AF}.Debug|x86.Build.0 = Debug|Win32
		{09119030-7E88-4B17-9DC3-2504E82A89AF}.Release|x64.ActiveCfg = Release|x64
		{09119030-7E88-4B17-9DC3-2504E82A89AF}.Release|x64.Build.0 = Release|x64
		{09119030-7E88-4B17-9DC3-2504E82A89AF}.Release|x86.ActiveCfg = Release|Win32
		{09119030-7E88-4B17-9DC3-2504E82A89AF}.Release|x86.Build.0 = Release|Win32
		{A0A0BC3A-D082-4653-8E6B-B7DD36596D74}.Debug|x64.ActiveCfg = Debug|x64
		{A0A0BC3A-D082-4653-8E6B-B7DD36596D74}.Debug|x64.Build.0 = Debug|x64
		{A0A0BC3A-D082-4653-8E6B-B7DD36596D74}.Debug|x86.ActiveCfg = Debug|Win32
		{A0A0BC3A-D082-4653-8E6B-B7DD36596D74}.Debug|x86.Build.0 = Debug|Win32
		{A0A0BC3A-D082-4653-8E6B-B7DD36596D74}.Release|x64.ActiveCfg = Release|x64
		{A0A0BC3A-D082-4653-8E6B-B7DD36596D74}.Release|x64.Build.0 = Release|x64
		{A0A0BC3A-D082-4653-8E6B-B7DD36596D74}.Release|x86.ActiveCfg = Release|Win32
		{A0A0BC3A-D082-4653-8E6B-B7DD36596D74}.Release|x86.Build.0 = Release|Win32
	EndGlobalSection
	GlobalSection(SolutionProperties) = preSolution
		HideSolutionNode = FALSE
	EndGlobalSection
	GlobalSection(ExtensibilityGlobals) = postSolution
		SolutionGuid = {78AE8C7A-74CE-4360-98BF-E0FCAF91DB63}
	EndGlobalSection
EndGlobal
